// !$*UTF8*$!
{
	archiveVersion = 1;
	classes = {
	};
	objectVersion = 56;
	objects = {

/* Begin PBXBuildFile section */
		D43FF5772A06A32000B153B7 /* Weather_App.swift in Sources */ = {isa = PBXBuildFile; fileRef = D43FF5762A06A32000B153B7 /* Weather_App.swift */; };
		D43FF5792A06A32000B153B7 /* ContentView.swift in Sources */ = {isa = PBXBuildFile; fileRef = D43FF5782A06A32000B153B7 /* ContentView.swift */; };
		D43FF57B2A06A32400B153B7 /* Assets.xcassets in Resources */ = {isa = PBXBuildFile; fileRef = D43FF57A2A06A32400B153B7 /* Assets.xcassets */; };
		D43FF57E2A06A32400B153B7 /* Preview Assets.xcassets in Resources */ = {isa = PBXBuildFile; fileRef = D43FF57D2A06A32400B153B7 /* Preview Assets.xcassets */; };
		D49E09C22A07BAEB00AE7533 /* MainScreenView.swift in Sources */ = {isa = PBXBuildFile; fileRef = D49E09C12A07BAEB00AE7533 /* MainScreenView.swift */; };
		D49E09C52A07CE6E00AE7533 /* CurrentLocationManager.swift in Sources */ = {isa = PBXBuildFile; fileRef = D49E09C42A07CE6E00AE7533 /* CurrentLocationManager.swift */; };
		D4B458272A0FC014000714A5 /* CurrentWeatherManager.swift in Sources */ = {isa = PBXBuildFile; fileRef = D4B458262A0FC014000714A5 /* CurrentWeatherManager.swift */; };
		D4B458292A0FCBD6000714A5 /* CurrentWeatherResponseModel.swift in Sources */ = {isa = PBXBuildFile; fileRef = D4B458282A0FCBD6000714A5 /* CurrentWeatherResponseModel.swift */; };
		D4B4582D2A10F1F0000714A5 /* CurrentWeatherView.swift in Sources */ = {isa = PBXBuildFile; fileRef = D4B4582C2A10F1F0000714A5 /* CurrentWeatherView.swift */; };
		D4C101442A3222AD00169418 /* Extensions.swift in Sources */ = {isa = PBXBuildFile; fileRef = D4C101432A3222AD00169418 /* Extensions.swift */; };
		D4ECE0102A0EDF8C00B4C109 /* LoadingView.swift in Sources */ = {isa = PBXBuildFile; fileRef = D4ECE00F2A0EDF8C00B4C109 /* LoadingView.swift */; };
/* End PBXBuildFile section */

/* Begin PBXFileReference section */
		D43FF5732A06A32000B153B7 /* Weather App.app */ = {isa = PBXFileReference; explicitFileType = wrapper.application; includeInIndex = 0; path = "Weather App.app"; sourceTree = BUILT_PRODUCTS_DIR; };
		D43FF5762A06A32000B153B7 /* Weather_App.swift */ = {isa = PBXFileReference; lastKnownFileType = sourcecode.swift; path = Weather_App.swift; sourceTree = "<group>"; };
		D43FF5782A06A32000B153B7 /* ContentView.swift */ = {isa = PBXFileReference; lastKnownFileType = sourcecode.swift; path = ContentView.swift; sourceTree = "<group>"; };
		D43FF57A2A06A32400B153B7 /* Assets.xcassets */ = {isa = PBXFileReference; lastKnownFileType = folder.assetcatalog; path = Assets.xcassets; sourceTree = "<group>"; };
		D43FF57D2A06A32400B153B7 /* Preview Assets.xcassets */ = {isa = PBXFileReference; lastKnownFileType = folder.assetcatalog; path = "Preview Assets.xcassets"; sourceTree = "<group>"; };
		D49E09C12A07BAEB00AE7533 /* MainScreenView.swift */ = {isa = PBXFileReference; lastKnownFileType = sourcecode.swift; path = MainScreenView.swift; sourceTree = "<group>"; };
		D49E09C42A07CE6E00AE7533 /* CurrentLocationManager.swift */ = {isa = PBXFileReference; lastKnownFileType = sourcecode.swift; path = CurrentLocationManager.swift; sourceTree = "<group>"; };
		D4B458262A0FC014000714A5 /* CurrentWeatherManager.swift */ = {isa = PBXFileReference; lastKnownFileType = sourcecode.swift; path = CurrentWeatherManager.swift; sourceTree = "<group>"; };
		D4B458282A0FCBD6000714A5 /* CurrentWeatherResponseModel.swift */ = {isa = PBXFileReference; lastKnownFileType = sourcecode.swift; path = CurrentWeatherResponseModel.swift; sourceTree = "<group>"; };
		D4B4582C2A10F1F0000714A5 /* CurrentWeatherView.swift */ = {isa = PBXFileReference; lastKnownFileType = sourcecode.swift; path = CurrentWeatherView.swift; sourceTree = "<group>"; };
		D4C101432A3222AD00169418 /* Extensions.swift */ = {isa = PBXFileReference; lastKnownFileType = sourcecode.swift; path = Extensions.swift; sourceTree = "<group>"; };
		D4ECE00F2A0EDF8C00B4C109 /* LoadingView.swift */ = {isa = PBXFileReference; lastKnownFileType = sourcecode.swift; path = LoadingView.swift; sourceTree = "<group>"; };
/* End PBXFileReference section */

/* Begin PBXFrameworksBuildPhase section */
		D43FF5702A06A32000B153B7 /* Frameworks */ = {
			isa = PBXFrameworksBuildPhase;
			buildActionMask = 2147483647;
			files = (
			);
			runOnlyForDeploymentPostprocessing = 0;
		};
/* End PBXFrameworksBuildPhase section */

/* Begin PBXGroup section */
		D43FF56A2A06A32000B153B7 = {
			isa = PBXGroup;
			children = (
				D43FF5752A06A32000B153B7 /* Weather App */,
				D43FF57A2A06A32400B153B7 /* Assets.xcassets */,
				D43FF5742A06A32000B153B7 /* Products */,
			);
			sourceTree = "<group>";
		};
		D43FF5742A06A32000B153B7 /* Products */ = {
			isa = PBXGroup;
			children = (
				D43FF5732A06A32000B153B7 /* Weather App.app */,
			);
			name = Products;
			sourceTree = "<group>";
		};
		D43FF5752A06A32000B153B7 /* Weather App */ = {
			isa = PBXGroup;
			children = (
				D43FF5762A06A32000B153B7 /* Weather_App.swift */,
				D49E09C32A07CE2600AE7533 /* Managers */,
				D43FF5842A06A3FD00B153B7 /* Views */,
				D4C101462A322A6700169418 /* Model */,
				D43FF57C2A06A32400B153B7 /* Preview Content */,
			);
			path = "Weather App";
			sourceTree = "<group>";
		};
		D43FF57C2A06A32400B153B7 /* Preview Content */ = {
			isa = PBXGroup;
			children = (
				D43FF57D2A06A32400B153B7 /* Preview Assets.xcassets */,
			);
			path = "Preview Content";
			sourceTree = "<group>";
		};
		D43FF5842A06A3FD00B153B7 /* Views */ = {
			isa = PBXGroup;
			children = (
				D43FF5782A06A32000B153B7 /* ContentView.swift */,
				D49E09C12A07BAEB00AE7533 /* MainScreenView.swift */,
				D4ECE00F2A0EDF8C00B4C109 /* LoadingView.swift */,
				D4B4582C2A10F1F0000714A5 /* CurrentWeatherView.swift */,
			);
			path = Views;
			sourceTree = "<group>";
		};
		D49E09C32A07CE2600AE7533 /* Managers */ = {
			isa = PBXGroup;
			children = (
				D49E09C42A07CE6E00AE7533 /* CurrentLocationManager.swift */,
				D4B458262A0FC014000714A5 /* CurrentWeatherManager.swift */,
			);
			path = Managers;
			sourceTree = "<group>";
		};
		D4C101462A322A6700169418 /* Model */ = {
			isa = PBXGroup;
			children = (
				D4C101432A3222AD00169418 /* Extensions.swift */,
				D4B458282A0FCBD6000714A5 /* CurrentWeatherResponseModel.swift */,
			);
			path = Model;
			sourceTree = "<group>";
		};
/* End PBXGroup section */

/* Begin PBXNativeTarget section */
		D43FF5722A06A32000B153B7 /* Weather App */ = {
			isa = PBXNativeTarget;
			buildConfigurationList = D43FF5812A06A32400B153B7 /* Build configuration list for PBXNativeTarget "Weather App" */;
			buildPhases = (
				D43FF56F2A06A32000B153B7 /* Sources */,
				D43FF5702A06A32000B153B7 /* Frameworks */,
				D43FF5712A06A32000B153B7 /* Resources */,
			);
			buildRules = (
			);
			dependencies = (
			);
			name = "Weather App";
			productName = "Weather App";
			productReference = D43FF5732A06A32000B153B7 /* Weather App.app */;
			productType = "com.apple.product-type.application";
		};
/* End PBXNativeTarget section */

/* Begin PBXProject section */
		D43FF56B2A06A32000B153B7 /* Project object */ = {
			isa = PBXProject;
			attributes = {
				BuildIndependentTargetsInParallel = 1;
				LastSwiftUpdateCheck = 1430;
				LastUpgradeCheck = 1430;
				TargetAttributes = {
					D43FF5722A06A32000B153B7 = {
						CreatedOnToolsVersion = 14.3;
					};
				};
			};
			buildConfigurationList = D43FF56E2A06A32000B153B7 /* Build configuration list for PBXProject "Weather App" */;
			compatibilityVersion = "Xcode 14.0";
			developmentRegion = en;
			hasScannedForEncodings = 0;
			knownRegions = (
				en,
				Base,
			);
			mainGroup = D43FF56A2A06A32000B153B7;
			productRefGroup = D43FF5742A06A32000B153B7 /* Products */;
			projectDirPath = "";
			projectRoot = "";
			targets = (
				D43FF5722A06A32000B153B7 /* Weather App */,
			);
		};
/* End PBXProject section */

/* Begin PBXResourcesBuildPhase section */
		D43FF5712A06A32000B153B7 /* Resources */ = {
			isa = PBXResourcesBuildPhase;
			buildActionMask = 2147483647;
			files = (
				D43FF57E2A06A32400B153B7 /* Preview Assets.xcassets in Resources */,
				D43FF57B2A06A32400B153B7 /* Assets.xcassets in Resources */,
			);
			runOnlyForDeploymentPostprocessing = 0;
		};
/* End PBXResourcesBuildPhase section */

/* Begin PBXSourcesBuildPhase section */
		D43FF56F2A06A32000B153B7 /* Sources */ = {
			isa = PBXSourcesBuildPhase;
			buildActionMask = 2147483647;
			files = (
				D4B458272A0FC014000714A5 /* CurrentWeatherManager.swift in Sources */,
				D4C101442A3222AD00169418 /* Extensions.swift in Sources */,
				D4B4582D2A10F1F0000714A5 /* CurrentWeatherView.swift in Sources */,
				D49E09C52A07CE6E00AE7533 /* CurrentLocationManager.swift in Sources */,
				D4B458292A0FCBD6000714A5 /* CurrentWeatherResponseModel.swift in Sources */,
				D43FF5792A06A32000B153B7 /* ContentView.swift in Sources */,
				D49E09C22A07BAEB00AE7533 /* MainScreenView.swift in Sources */,
				D4ECE0102A0EDF8C00B4C109 /* LoadingView.swift in Sources */,
				D43FF5772A06A32000B153B7 /* Weather_App.swift in Sources */,
			);
			runOnlyForDeploymentPostprocessing = 0;
		};
/* End PBXSourcesBuildPhase section */

/* Begin XCBuildConfiguration section */
		D43FF57F2A06A32400B153B7 /* Debug */ = {
			isa = XCBuildConfiguration;
			buildSettings = {
				ALWAYS_SEARCH_USER_PATHS = NO;
				CLANG_ANALYZER_NONNULL = YES;
				CLANG_ANALYZER_NUMBER_OBJECT_CONVERSION = YES_AGGRESSIVE;
				CLANG_CXX_LANGUAGE_STANDARD = "gnu++20";
				CLANG_ENABLE_MODULES = YES;
				CLANG_ENABLE_OBJC_ARC = YES;
				CLANG_ENABLE_OBJC_WEAK = YES;
				CLANG_WARN_BLOCK_CAPTURE_AUTORELEASING = YES;
				CLANG_WARN_BOOL_CONVERSION = YES;
				CLANG_WARN_COMMA = YES;
				CLANG_WARN_CONSTANT_CONVERSION = YES;
				CLANG_WARN_DEPRECATED_OBJC_IMPLEMENTATIONS = YES;
				CLANG_WARN_DIRECT_OBJC_ISA_USAGE = YES_ERROR;
				CLANG_WARN_DOCUMENTATION_COMMENTS = YES;
				CLANG_WARN_EMPTY_BODY = YES;
				CLANG_WARN_ENUM_CONVERSION = YES;
				CLANG_WARN_INFINITE_RECURSION = YES;
				CLANG_WARN_INT_CONVERSION = YES;
				CLANG_WARN_NON_LITERAL_NULL_CONVERSION = YES;
				CLANG_WARN_OBJC_IMPLICIT_RETAIN_SELF = YES;
				CLANG_WARN_OBJC_LITERAL_CONVERSION = YES;
				CLANG_WARN_OBJC_ROOT_CLASS = YES_ERROR;
				CLANG_WARN_QUOTED_INCLUDE_IN_FRAMEWORK_HEADER = YES;
				CLANG_WARN_RANGE_LOOP_ANALYSIS = YES;
				CLANG_WARN_STRICT_PROTOTYPES = YES;
				CLANG_WARN_SUSPICIOUS_MOVE = YES;
				CLANG_WARN_UNGUARDED_AVAILABILITY = YES_AGGRESSIVE;
				CLANG_WARN_UNREACHABLE_CODE = YES;
				CLANG_WARN__DUPLICATE_METHOD_MATCH = YES;
				COPY_PHASE_STRIP = NO;
				DEBUG_INFORMATION_FORMAT = dwarf;
				ENABLE_STRICT_OBJC_MSGSEND = YES;
				ENABLE_TESTABILITY = YES;
				GCC_C_LANGUAGE_STANDARD = gnu11;
				GCC_DYNAMIC_NO_PIC = NO;
				GCC_NO_COMMON_BLOCKS = YES;
				GCC_OPTIMIZATION_LEVEL = 0;
				GCC_PREPROCESSOR_DEFINITIONS = (
					"DEBUG=1",
					"$(inherited)",
				);
				GCC_WARN_64_TO_32_BIT_CONVERSION = YES;
				GCC_WARN_ABOUT_RETURN_TYPE = YES_ERROR;
				GCC_WARN_UNDECLARED_SELECTOR = YES;
				GCC_WARN_UNINITIALIZED_AUTOS = YES_AGGRESSIVE;
				GCC_WARN_UNUSED_FUNCTION = YES;
				GCC_WARN_UNUSED_VARIABLE = YES;
				IPHONEOS_DEPLOYMENT_TARGET = 16.4;
				MTL_ENABLE_DEBUG_INFO = INCLUDE_SOURCE;
				MTL_FAST_MATH = YES;
				ONLY_ACTIVE_ARCH = YES;
				SDKROOT = iphoneos;
				SWIFT_ACTIVE_COMPILATION_CONDITIONS = DEBUG;
				SWIFT_OPTIMIZATION_LEVEL = "-Onone";
			};
			name = Debug;
		};
		D43FF5802A06A32400B153B7 /* Release */ = {
			isa = XCBuildConfiguration;
			buildSettings = {
				ALWAYS_SEARCH_USER_PATHS = NO;
				CLANG_ANALYZER_NONNULL = YES;
				CLANG_ANALYZER_NUMBER_OBJECT_CONVERSION = YES_AGGRESSIVE;
				CLANG_CXX_LANGUAGE_STANDARD = "gnu++20";
				CLANG_ENABLE_MODULES = YES;
				CLANG_ENABLE_OBJC_ARC = YES;
				CLANG_ENABLE_OBJC_WEAK = YES;
				CLANG_WARN_BLOCK_CAPTURE_AUTORELEASING = YES;
				CLANG_WARN_BOOL_CONVERSION = YES;
				CLANG_WARN_COMMA = YES;
				CLANG_WARN_CONSTANT_CONVERSION = YES;
				CLANG_WARN_DEPRECATED_OBJC_IMPLEMENTATIONS = YES;
				CLANG_WARN_DIRECT_OBJC_ISA_USAGE = YES_ERROR;
				CLANG_WARN_DOCUMENTATION_COMMENTS = YES;
				CLANG_WARN_EMPTY_BODY = YES;
				CLANG_WARN_ENUM_CONVERSION = YES;
				CLANG_WARN_INFINITE_RECURSION = YES;
				CLANG_WARN_INT_CONVERSION = YES;
				CLANG_WARN_NON_LITERAL_NULL_CONVERSION = YES;
				CLANG_WARN_OBJC_IMPLICIT_RETAIN_SELF = YES;
				CLANG_WARN_OBJC_LITERAL_CONVERSION = YES;
				CLANG_WARN_OBJC_ROOT_CLASS = YES_ERROR;
				CLANG_WARN_QUOTED_INCLUDE_IN_FRAMEWORK_HEADER = YES;
				CLANG_WARN_RANGE_LOOP_ANALYSIS = YES;
				CLANG_WARN_STRICT_PROTOTYPES = YES;
				CLANG_WARN_SUSPICIOUS_MOVE = YES;
				CLANG_WARN_UNGUARDED_AVAILABILITY = YES_AGGRESSIVE;
				CLANG_WARN_UNREACHABLE_CODE = YES;
				CLANG_WARN__DUPLICATE_METHOD_MATCH = YES;
				COPY_PHASE_STRIP = NO;
				DEBUG_INFORMATION_FORMAT = "dwarf-with-dsym";
				ENABLE_NS_ASSERTIONS = NO;
				ENABLE_STRICT_OBJC_MSGSEND = YES;
				GCC_C_LANGUAGE_STANDARD = gnu11;
				GCC_NO_COMMON_BLOCKS = YES;
				GCC_WARN_64_TO_32_BIT_CONVERSION = YES;
				GCC_WARN_ABOUT_RETURN_TYPE = YES_ERROR;
				GCC_WARN_UNDECLARED_SELECTOR = YES;
				GCC_WARN_UNINITIALIZED_AUTOS = YES_AGGRESSIVE;
				GCC_WARN_UNUSED_FUNCTION = YES;
				GCC_WARN_UNUSED_VARIABLE = YES;
				IPHONEOS_DEPLOYMENT_TARGET = 16.4;
				MTL_ENABLE_DEBUG_INFO = NO;
				MTL_FAST_MATH = YES;
				SDKROOT = iphoneos;
				SWIFT_COMPILATION_MODE = wholemodule;
				SWIFT_OPTIMIZATION_LEVEL = "-O";
				VALIDATE_PRODUCT = YES;
			};
			name = Release;
		};
		D43FF5822A06A32400B153B7 /* Debug */ = {
			isa = XCBuildConfiguration;
			buildSettings = {
				ASSETCATALOG_COMPILER_APPICON_NAME = AppIcon;
				ASSETCATALOG_COMPILER_GLOBAL_ACCENT_COLOR_NAME = AccentColor;
				CODE_SIGN_STYLE = Automatic;
				CURRENT_PROJECT_VERSION = 1;
				DEVELOPMENT_ASSET_PATHS = "\"Weather App/Preview Content\"";
				DEVELOPMENT_TEAM = LH4PS37B2J;
				ENABLE_PREVIEWS = YES;
				GENERATE_INFOPLIST_FILE = YES;
				INFOPLIST_KEY_UIApplicationSceneManifest_Generation = YES;
				INFOPLIST_KEY_UIApplicationSupportsIndirectInputEvents = YES;
				INFOPLIST_KEY_UILaunchScreen_Generation = YES;
				INFOPLIST_KEY_UISupportedInterfaceOrientations_iPad = "UIInterfaceOrientationPortrait UIInterfaceOrientationPortraitUpsideDown UIInterfaceOrientationLandscapeLeft UIInterfaceOrientationLandscapeRight";
				INFOPLIST_KEY_UISupportedInterfaceOrientations_iPhone = "UIInterfaceOrientationPortrait UIInterfaceOrientationLandscapeLeft UIInterfaceOrientationLandscapeRight";
				IPHONEOS_DEPLOYMENT_TARGET = 15.0;
				LD_RUNPATH_SEARCH_PATHS = (
					"$(inherited)",
					"@executable_path/Frameworks",
				);
				MARKETING_VERSION = 1.0;
				PRODUCT_BUNDLE_IDENTIFIER = "renat.weatherapp.Weather-App";
				PRODUCT_NAME = "$(TARGET_NAME)";
				SWIFT_EMIT_LOC_STRINGS = YES;
				SWIFT_VERSION = 5.0;
				TARGETED_DEVICE_FAMILY = "1,2";
			};
			name = Debug;
		};
		D43FF5832A06A32400B153B7 /* Release */ = {
			isa = XCBuildConfiguration;
			buildSettings = {
				ASSETCATALOG_COMPILER_APPICON_NAME = AppIcon;
				ASSETCATALOG_COMPILER_GLOBAL_ACCENT_COLOR_NAME = AccentColor;
				CODE_SIGN_STYLE = Automatic;
				CURRENT_PROJECT_VERSION = 1;
				DEVELOPMENT_ASSET_PATHS = "\"Weather App/Preview Content\"";
				DEVELOPMENT_TEAM = LH4PS37B2J;
				ENABLE_PREVIEWS = YES;
				GENERATE_INFOPLIST_FILE = YES;
				INFOPLIST_KEY_UIApplicationSceneManifest_Generation = YES;
				INFOPLIST_KEY_UIApplicationSupportsIndirectInputEvents = YES;
				INFOPLIST_KEY_UILaunchScreen_Generation = YES;
				INFOPLIST_KEY_UISupportedInterfaceOrientations_iPad = "UIInterfaceOrientationPortrait UIInterfaceOrientationPortraitUpsideDown UIInterfaceOrientationLandscapeLeft UIInterfaceOrientationLandscapeRight";
				INFOPLIST_KEY_UISupportedInterfaceOrientations_iPhone = "UIInterfaceOrientationPortrait UIInterfaceOrientationLandscapeLeft UIInterfaceOrientationLandscapeRight";
				IPHONEOS_DEPLOYMENT_TARGET = 15.0;
				LD_RUNPATH_SEARCH_PATHS = (
					"$(inherited)",
					"@executable_path/Frameworks",
				);
				MARKETING_VERSION = 1.0;
				PRODUCT_BUNDLE_IDENTIFIER = "renat.weatherapp.Weather-App";
				PRODUCT_NAME = "$(TARGET_NAME)";
				SWIFT_EMIT_LOC_STRINGS = YES;
				SWIFT_VERSION = 5.0;
				TARGETED_DEVICE_FAMILY = "1,2";
			};
			name = Release;
		};
/* End XCBuildConfiguration section */

/* Begin XCConfigurationList section */
		D43FF56E2A06A32000B153B7 /* Build configuration list for PBXProject "Weather App" */ = {
			isa = XCConfigurationList;
			buildConfigurations = (
				D43FF57F2A06A32400B153B7 /* Debug */,
				D43FF5802A06A32400B153B7 /* Release */,
			);
			defaultConfigurationIsVisible = 0;
			defaultConfigurationName = Release;
		};
		D43FF5812A06A32400B153B7 /* Build configuration list for PBXNativeTarget "Weather App" */ = {
			isa = XCConfigurationList;
			buildConfigurations = (
				D43FF5822A06A32400B153B7 /* Debug */,
				D43FF5832A06A32400B153B7 /* Release */,
			);
			defaultConfigurationIsVisible = 0;
			defaultConfigurationName = Release;
		};
/* End XCConfigurationList section */
	};
	rootObject = D43FF56B2A06A32000B153B7 /* Project object */;
}
